{
  "name": "e2e",
  "lockfileVersion": 3,
  "requires": true,
  "packages": {
    "": {
      "devDependencies": {
        "@playwright/test": "^1.47.0",
        "@types/node": "^20.0.0",
        "dotenv": "^17.4.2",
        "otplib": "^13.4.0"
      }
    },
    "node_modules/@noble/hashes": {
      "version": "2.2.0",
      "resolved": "https://registry.npmjs.org/@noble/hashes/-/hashes-2.2.0.tgz",
      "integrity": "sha512-IYqDGiTXab6FniAgnSdZwgWbomxpy9FtYvLKs7wCUs2a8RkITG+DFGO1DM9cr+E3/RgADRpFjrKVaJ1z6sjtEg==",
      "dev": true,
      "license": "MIT",
      "engines": {
        "node": ">= 20.19.0"
      },
      "funding": {
        "url": "https://paulmillr.com/funding/"
      }
    },
    "node_modules/@otplib/core": {
      "version": "13.4.0",
      "resolved": "https://registry.npmjs.org/@otplib/core/-/core-13.4.0.tgz",
      "integrity": "sha512-JqOGcvZQi2wIkEQo8f3/iAjstavpXy6gouIDMHygjNuH6Q0FjbHOiXMdcE94RwfgDNMABhzwUmvaPsxvgm9NYw==",
      "dev": true,
      "license": "MIT"
    },
    "node_modules/@otplib/hotp": {
      "version": "13.4.0",
      "resolved": "https://registry.npmjs.org/@otplib/hotp/-/hotp-13.4.0.tgz",
      "integrity": "sha512-MJjE0x06mn2ptymz5qZmQveb+vWFuaIftqE0b5/TZZqUOK7l97cV8lRTmid5BpAQMwJDNLW6RnYxGeCRiNdekw==",
      "dev": true,
      "license": "MIT",
      "dependencies": {
        "@otplib/core": "13.4.0",
        "@otplib/uri": "13.4.0"
      }
    },
    "node_modules/@otplib/plugin-base32-scure": {
      "version": "13.4.0",
      "resolved": "https://registry.npmjs.org/@otplib/plugin-base32-scure/-/plugin-base32-scure-13.4.0.tgz",
      "integrity": "sha512-/t9YWJmMbB8bF5z8mXrBZc2FXBe8B/3hG5FhWr9K8cFwFhyxScbPysmZe8s1UTzSA6N+s8Uv8aIfCtVXPNjJWw==",
      "dev": true,
      "license": "MIT",
      "dependencies": {
        "@otplib/core": "13.4.0",
        "@scure/base": "^2.0.0"
      }
    },
    "node_modules/@otplib/plugin-crypto-noble": {
      "version": "13.4.0",
      "resolved": "https://registry.npmjs.org/@otplib/plugin-crypto-noble/-/plugin-crypto-noble-13.4.0.tgz",
      "integrity": "sha512-KrvE4m7Zv+TT1944HzgqFJWJpKb6AyoxDbvhPStmBqdMlv5Gekb80d66cuFRL08kkPgJ5gXUSb5SFpYeB+bACg==",
      "dev": true,
      "license": "MIT",
      "dependencies": {
        "@noble/hashes": "^2.0.1",
        "@otplib/core": "13.4.0"
      }
    },
    "node_modules/@otplib/totp": {
      "version": "13.4.0",
      "resolved": "https://registry.npmjs.org/@otplib/totp/-/totp-13.4.0.tgz",
      "integrity": "sha512-dK+vl0f0ekzf6mCENRI9AKS2NJUC7OjI3+X8e7QSnhQ2WM7I+i4PGpb3QxKi5hxjTtwVuoZwXR2CFtXdcRtNdQ==",
      "dev": true,
      "license": "MIT",
      "dependencies": {
        "@otplib/core": "13.4.0",
        "@otplib/hotp": "13.4.0",
        "@otplib/uri": "13.4.0"
      }
    },
    "node_modules/@otplib/uri": {
      "version": "13.4.0",
      "resolved": "https://registry.npmjs.org/@otplib/uri/-/uri-13.4.0.tgz",
      "integrity": "sha512-x1ozBa5bPbdZCrrTL/HK21qchiK7jYElTu+0ft22abeEhiLYgH1+SIULvOcVk3CK8YwF4kdcidvkq4ciejucJA==",
      "dev": true,
      "license": "MIT",
      "dependencies": {
        "@otplib/core": "13.4.0"
      }
    },
    "node_modules/@playwright/test": {
      "version": "1.59.1",
      "resolved": "https://registry.npmjs.org/@playwright/test/-/test-1.59.1.tgz",
      "integrity": "sha512-PG6q63nQg5c9rIi4/Z5lR5IVF7yU5MqmKaPOe0HSc0O2cX1fPi96sUQu5j7eo4gKCkB2AnNGoWt7y4/Xx3Kcqg==",
      "dev": true,
      "license": "Apache-2.0",
      "dependencies": {
        "playwright": "1.59.1"
      },
      "bin": {
        "playwright": "cli.js"
      },
      "engines": {
        "node": ">=18"
      }
    },
    "node_modules/@scure/base": {
      "version": "2.2.0",
      "resolved": "https://registry.npmjs.org/@scure/base/-/base-2.2.0.tgz",
      "integrity": "sha512-b8XEupJibegiXV+tDUseI8oLQc8ei3d/4Jkb2RpbHh3MfE054ov3uIz2dhFkB3FI8iwYkEh0gGCApkrYggkPNg==",
      "dev": true,
      "license": "MIT",
      "funding": {
        "url": "https://paulmillr.com/funding/"
      }
    },
    "node_modules/@types/node": {
      "version": "20.19.39",
      "resolved": "https://registry.npmjs.org/@types/node/-/node-20.19.39.tgz",
      "integrity": "sha512-orrrD74MBUyK8jOAD/r0+lfa1I2MO6I+vAkmAWzMYbCcgrN4lCrmK52gRFQq/JRxfYPfonkr4b0jcY7Olqdqbw==",
      "dev": true,
      "license": "MIT",
      "dependencies": {
        "undici-types": "~6.21.0"
      }
    },
    "node_modules/dotenv": {
      "version": "17.4.2",
      "resolved": "https://registry.npmjs.org/dotenv/-/dotenv-17.4.2.tgz",
      "integrity": "sha512-nI4U3TottKAcAD9LLud4Cb7b2QztQMUEfHbvhTH09bqXTxnSie8WnjPALV/WMCrJZ6UV/qHJ6L03OqO3LcdYZw==",
      "dev": true,
      "license": "BSD-2-Clause",
      "engines": {
        "node": ">=12"
      },
      "funding": {
        "url": "https://dotenvx.com"
      }
    },
    "node_modules/fsevents": {
      "version": "2.3.2",
      "resolved": "https://registry.npmjs.org/fsevents/-/fsevents-2.3.2.tgz",
      "integrity": "sha512-xiqMQR4xAeHTuB9uWm+fFRcIOgKBMiOBP+eXiyT7jsgVCq1bkVygt00oASowB7EdtpOHaaPgKt812P9ab+DDKA==",
      "dev": true,
      "hasInstallScript": true,
      "license": "MIT",
      "optional": true,
      "os": [
        "darwin"
      ],
      "engines": {
        "node": "^8.16.0 || ^10.6.0 || >=11.0.0"
      }
    },
    "node_modules/otplib": {
      "version": "13.4.0",
      "resolved": "https://registry.npmjs.org/otplib/-/otplib-13.4.0.tgz",
      "integrity": "sha512-RUcYcRMCgRWhUE/XabRppXpUwCwaWBNHe5iPXhdvP8wwDGpGpsIf/kxX/ec3zFsOaM1Oq8lEhUqDwk6W7DHkwg==",
      "dev": true,
      "license": "MIT",
      "dependencies": {
        "@otplib/core": "13.4.0",
        "@otplib/hotp": "13.4.0",
        "@otplib/plugin-base32-scure": "13.4.0",
        "@otplib/plugin-crypto-noble": "13.4.0",
        "@otplib/totp": "13.4.0",
        "@otplib/uri": "13.4.0"
      }
    },
    "node_modules/playwright": {
      "version": "1.59.1",
      "resolved": "https://registry.npmjs.org/playwright/-/playwright-1.59.1.tgz",
      "integrity": "sha512-C8oWjPR3F81yljW9o5OxcWzfh6avkVwDD2VYdwIGqTkl+OGFISgypqzfu7dOe4QNLL2aqcWBmI3PMtLIK233lw==",
      "dev": true,
      "license": "Apache-2.0",
      "dependencies": {
        "playwright-core": "1.59.1"
      },
      "bin": {
        "playwright": "cli.js"
      },
      "engines": {
        "node": ">=18"
      },
      "optionalDependencies": {
        "fsevents": "2.3.2"
      }
    },
    "node_modules/playwright-core": {
      "version": "1.59.1",
      "resolved": "https://registry.npmjs.org/playwright-core/-/playwright-core-1.59.1.tgz",
      "integrity": "sha512-HBV/RJg81z5BiiZ9yPzIiClYV/QMsDCKUyogwH9p3MCP6IYjUFu/MActgYAvK0oWyV9NlwM3GLBjADyWgydVyg==",
      "dev": true,
      "license": "Apache-2.0",
      "bin": {
        "playwright-core": "cli.js"
      },
      "engines": {
        "node": ">=18"
      }
    },
    "node_modules/undici-types": {
      "version": "6.21.0",
      "resolved": "https://registry.npmjs.org/undici-types/-/undici-types-6.21.0.tgz",
      "integrity": "sha512-iwDZqg0QAGrg9Rav5H4n0M64c3mkR59cJ6wQp+7C4nI0gsmExaedaYLNO44eT4AtBBwjbTiGPMlt2Md0T9H9JQ==",
      "dev": true,
      "license": "MIT"
    }
  }
}
